
Microsoft Visual Studio Solution File, Format Version 12.00
# Visual Studio Version 17
VisualStudioVersion = 17.14.37531.7
MinimumVisualStudioVersion = 10.0.40219.1
Project("{FAE04EC0-301F-11D3-BF4B-00C04F79EFBC}") = "AtmProject", "AtmProject\AtmProject.csproj", "{8897FBB1-A97F-48DB-822D-246C4C4B6A84}"
EndProject
Global
	GlobalSection(SolutionConfigurationPlatforms) = preSolution
		Debug|Any CPU = Debug|Any CPU
		Release|Any CPU = Release|Any CPU
	EndGlobalSection
	GlobalSection(ProjectConfigurationPlatforms) = postSolution
		{8897FBB1-A97F-48DB-822D-246C4C4B6A84}.Debug|Any CPU.ActiveCfg = Debug|Any CPU
		{8897FBB1-A97F-48DB-822D-246C4C4B6A84}.Debug|Any CPU.Build.0 = Debug|Any CPU
		{8897FBB1-A97F-48DB-822D-246C4C4B6A84}.Release|Any CPU.ActiveCfg = Release|Any CPU
		{8897FBB1-A97F-48DB-822D-246C4C4B6A84}.Release|Any CPU.Build.0 = Release|Any CPU
	EndGlobalSection
	GlobalSection(SolutionProperties) = preSolution
		HideSolutionNode = FALSE
	EndGlobalSection
	GlobalSection(ExtensibilityGlobals) = postSolution
		SolutionGuid = {F379EAAB-ACDE-4133-9474-AC2F766A277B}
	EndGlobalSection
EndGlobal
